<?xml version="1.0" encoding="utf-8"?>
<Project ToolsVersion="4.0" xmlns="http://schemas.microsoft.com/developer/msbuild/2003">
  <ItemGroup>
    <ClCompile Include="main.cpp" />
    <ClCompile Include="pch.cpp" />
    <ClCompile Include="MathHelper_test.cpp">
      <Filter>Testes</Filter>
    </ClCompile>
    <ClCompile Include="Processor_test.cpp">
      <Filter>Testes</Filter>
    </ClCompile>
    <ClCompile Include="MockDataFetcher.cpp">
      <Filter>Mock</Filter>
    </ClCompile>
  </ItemGroup>
  <ItemGroup>
    <ClInclude Include="pch.h" />
    <ClInclude Include="MockDataFetcher.h">
      <Filter>Mock</Filter>
    </ClInclude>
  </ItemGroup>
  <ItemGroup>
    <None Include="packages.config" />
    <None Include="README.md" />
  </ItemGroup>
  <ItemGroup>
    <Filter Include="Testes">
      <UniqueIdentifier>{722c3ca4-4f53-47f6-98fe-0a4f22fd2090}</UniqueIdentifier>
    </Filter>
    <Filter Include="Mock">
      <UniqueIdentifier>{6e8ef84a-9f69-4c83-9b45-d90b0d1d58a3}</UniqueIdentifier>
    </Filter>
  </ItemGroup>
</Project>