<?xml version="1.0" encoding="utf-8"?>
<Project ToolsVersion="4.0" xmlns="http://schemas.microsoft.com/developer/msbuild/2003">
  <ItemGroup>
    <Filter Include="Source Files">
      <UniqueIdentifier>{4FC737F1-C7A5-4376-A066-2A32D752A2FF}</UniqueIdentifier>
      <Extensions>cpp;c;cc;cxx;c++;cppm;ixx;def;odl;idl;hpj;bat;asm;asmx</Extensions>
    </Filter>
    <Filter Include="Header Files">
      <UniqueIdentifier>{93995380-89BD-4b04-88EB-625FBE52EBFB}</UniqueIdentifier>
      <Extensions>h;hh;hpp;hxx;h++;hm;inl;inc;ipp;xsd</Extensions>
    </Filter>
    <Filter Include="Resource Files">
      <UniqueIdentifier>{67DA6AB6-F800-4c08-8B7A-83BB121AAD01}</UniqueIdentifier>
      <Extensions>rc;ico;cur;bmp;dlg;rc2;rct;bin;rgs;gif;jpg;jpeg;jpe;resx;tiff;tif;png;wav;mfcribbon-ms</Extensions>
    </Filter>
    <Filter Include="Source Files\1 - Hello World">
      <UniqueIdentifier>{4fea2756-ce9d-4c43-b364-7502c2c2d59a}</UniqueIdentifier>
    </Filter>
    <Filter Include="Source Files\2 - Operadores">
      <UniqueIdentifier>{518e567a-297b-4027-a66a-12b2a9659dac}</UniqueIdentifier>
    </Filter>
    <Filter Include="Source Files\3 - Controle de Fluxo">
      <UniqueIdentifier>{e0f54df9-57ac-402b-ada2-cb79182ade00}</UniqueIdentifier>
    </Filter>
    <Filter Include="Source Files\4 - Funcoes">
      <UniqueIdentifier>{a72c3b49-fd18-4736-aa95-3e2b149bf605}</UniqueIdentifier>
    </Filter>
    <Filter Include="Source Files\5 - Vetores">
      <UniqueIdentifier>{70fc91be-8c96-4e08-97a5-857ee2403cd7}</UniqueIdentifier>
    </Filter>
    <Filter Include="Source Files\6 - Matrizes">
      <UniqueIdentifier>{276fa91f-09e5-427d-a643-ba42e97db8b9}</UniqueIdentifier>
    </Filter>
    <Filter Include="Source Files\7 - Ponteiros e Referencias">
      <UniqueIdentifier>{abea8c4f-8326-4f74-b754-9ef9a869b805}</UniqueIdentifier>
    </Filter>
    <Filter Include="Source Files\8 - Strings">
      <UniqueIdentifier>{c85e6667-7f72-486c-84b2-a34d1b103bfc}</UniqueIdentifier>
    </Filter>
    <Filter Include="Source Files\9 - Templates">
      <UniqueIdentifier>{da73d090-264e-4abc-874c-494043a52517}</UniqueIdentifier>
    </Filter>
    <Filter Include="Source Files\10 - Strucs">
      <UniqueIdentifier>{235906f0-287c-4d99-8b8a-8f8a1fe9b22d}</UniqueIdentifier>
    </Filter>
    <Filter Include="Source Files\11 - Classes">
      <UniqueIdentifier>{8052ebcf-8b54-4f19-b116-2ae71689d572}</UniqueIdentifier>
    </Filter>
    <Filter Include="Source Files\11 - Classes\1 - Definição">
      <UniqueIdentifier>{fac3f924-e7a8-44fb-aeed-1d760e29804c}</UniqueIdentifier>
    </Filter>
    <Filter Include="Source Files\11 - Classes\2 - Herança">
      <UniqueIdentifier>{77f5aa28-82c8-4a3b-8058-677a1f8d5ab9}</UniqueIdentifier>
    </Filter>
    <Filter Include="Source Files\11 - Classes\3 - Polimorfismo">
      <UniqueIdentifier>{82fdf4bd-bc17-472e-afe3-d9ca45c4dcb1}</UniqueIdentifier>
    </Filter>
    <Filter Include="Source Files\11 - Classes\4 - Herança Múltipla">
      <UniqueIdentifier>{b87c4bc0-a404-4566-b7dc-cfa8c2d16050}</UniqueIdentifier>
    </Filter>
    <Filter Include="Source Files\11 - Classes\5 - Diamond Problem">
      <UniqueIdentifier>{fbd6afc7-ef0d-48a2-81c8-faeed1a10d5f}</UniqueIdentifier>
    </Filter>
    <Filter Include="Source Files\11 - Classes\6 - Template Class">
      <UniqueIdentifier>{1c7881b4-0a36-46d9-9eb8-8270cf30bfa2}</UniqueIdentifier>
    </Filter>
    <Filter Include="Source Files\12 - Enum">
      <UniqueIdentifier>{3d535b97-d254-4a1e-9c99-cc9c441e43ee}</UniqueIdentifier>
    </Filter>
    <Filter Include="Source Files\12 - Cast">
      <UniqueIdentifier>{4fe6e5cb-12f9-4a44-a936-f7b8648dd655}</UniqueIdentifier>
    </Filter>
    <Filter Include="Source Files\13 - Testes">
      <UniqueIdentifier>{07afac02-3bba-4f83-b953-0466df06cc03}</UniqueIdentifier>
    </Filter>
    <Filter Include="Source Files\14 - Threads">
      <UniqueIdentifier>{d3376268-ed2b-4b8b-861c-91efb93da61d}</UniqueIdentifier>
    </Filter>
    <Filter Include="Source Files\15 - Right Value">
      <UniqueIdentifier>{09e9f982-c6a4-4054-b6a0-25cf80d18f3e}</UniqueIdentifier>
    </Filter>
    <Filter Include="Source Files\18 - std::function">
      <UniqueIdentifier>{c7285722-da6c-47c2-a869-ff66359b9e8e}</UniqueIdentifier>
    </Filter>
    <Filter Include="Source Files\16 - Operator Overload">
      <UniqueIdentifier>{7f66d984-a413-4b8d-b97e-520118650ffb}</UniqueIdentifier>
    </Filter>
    <Filter Include="Source Files\17 - Functor">
      <UniqueIdentifier>{6680d844-617d-45df-b71e-9c7a9bc884ce}</UniqueIdentifier>
    </Filter>
  </ItemGroup>
  <ItemGroup>
    <ClCompile Include="Operadores.cpp">
      <Filter>Source Files\2 - Operadores</Filter>
    </ClCompile>
    <ClCompile Include="main.cpp">
      <Filter>Source Files\1 - Hello World</Filter>
    </ClCompile>
    <ClCompile Include="ControleFluxo.cpp">
      <Filter>Source Files\3 - Controle de Fluxo</Filter>
    </ClCompile>
    <ClCompile Include="Funcoes.cpp">
      <Filter>Source Files\4 - Funcoes</Filter>
    </ClCompile>
    <ClCompile Include="Vetores.cpp">
      <Filter>Source Files\5 - Vetores</Filter>
    </ClCompile>
    <ClCompile Include="Matrizes.cpp">
      <Filter>Source Files\6 - Matrizes</Filter>
    </ClCompile>
    <ClCompile Include="PonteirosReferencias.cpp">
      <Filter>Source Files\7 - Ponteiros e Referencias</Filter>
    </ClCompile>
    <ClCompile Include="Strings.cpp">
      <Filter>Source Files\8 - Strings</Filter>
    </ClCompile>
    <ClCompile Include="Structs.cpp">
      <Filter>Source Files\10 - Strucs</Filter>
    </ClCompile>
    <ClCompile Include="Funcionario.cpp">
      <Filter>Source Files\11 - Classes\1 - Definição</Filter>
    </ClCompile>
    <ClCompile Include="Pokemon.cpp">
      <Filter>Source Files\11 - Classes\2 - Herança</Filter>
    </ClCompile>
    <ClCompile Include="Pikachu.cpp">
      <Filter>Source Files\11 - Classes\2 - Herança</Filter>
    </ClCompile>
    <ClCompile Include="Polimorfismo.cpp">
      <Filter>Source Files\11 - Classes\3 - Polimorfismo</Filter>
    </ClCompile>
    <ClCompile Include="Enums.cpp">
      <Filter>Source Files\12 - Enum</Filter>
    </ClCompile>
    <ClCompile Include="Templates.cpp">
      <Filter>Source Files\9 - Templates</Filter>
    </ClCompile>
    <ClCompile Include="Casts.cpp">
      <Filter>Source Files\12 - Cast</Filter>
    </ClCompile>
    <ClCompile Include="Teste.cpp">
      <Filter>Source Files\13 - Testes</Filter>
    </ClCompile>
    <ClCompile Include="Threads.cpp">
      <Filter>Source Files\14 - Threads</Filter>
    </ClCompile>
    <ClCompile Include="RValue.cpp">
      <Filter>Source Files\15 - Right Value</Filter>
    </ClCompile>
    <ClCompile Include="Function.cpp">
      <Filter>Source Files\18 - std::function</Filter>
    </ClCompile>
    <ClCompile Include="Functor.cpp">
      <Filter>Source Files\17 - Functor</Filter>
    </ClCompile>
    <ClCompile Include="OperatorOverload.cpp">
      <Filter>Source Files\16 - Operator Overload</Filter>
    </ClCompile>
  </ItemGroup>
  <ItemGroup>
    <ClInclude Include="Funcionario.h">
      <Filter>Source Files\11 - Classes\1 - Definição</Filter>
    </ClInclude>
    <ClInclude Include="Pokemon.h">
      <Filter>Source Files\11 - Classes\2 - Herança</Filter>
    </ClInclude>
    <ClInclude Include="Pikachu.h">
      <Filter>Source Files\11 - Classes\2 - Herança</Filter>
    </ClInclude>
    <ClInclude Include="HerancaMultipla.h">
      <Filter>Source Files\11 - Classes\4 - Herança Múltipla</Filter>
    </ClInclude>
    <ClInclude Include="DiamondProblem.h">
      <Filter>Source Files\11 - Classes\5 - Diamond Problem</Filter>
    </ClInclude>
    <ClInclude Include="TemplateClass.h">
      <Filter>Source Files\11 - Classes\6 - Template Class</Filter>
    </ClInclude>
  </ItemGroup>
</Project>